
Microsoft Visual Studio Solution File, Format Version 12.00
# Visual Studio 15
VisualStudioVersion = 15.0.28306.52
MinimumVisualStudioVersion = 10.0.40219.1
Project("{9A19103F-16F7-4668-BE54-9A1E7A4F7556}") = "blog", "blog\blog.csproj", "{75DED995-EC65-4878-A9B4-28D96098D41D}"
EndProject
Project("{FAE04EC0-301F-11D3-BF4B-00C04F79EFBC}") = "blog.Data", "blog.Data\blog.Data.csproj", "{7566375D-FD45-4CA8-8B9E-39A80B7DCEF4}"
EndProject
Global
	GlobalSection(SolutionConfigurationPlatforms) = preSolution
		Debug|Any CPU = Debug|Any CPU
		Release|Any CPU = Release|Any CPU
	EndGlobalSection
	GlobalSection(ProjectConfigurationPlatforms) = postSolution
		{75DED995-EC65-4878-A9B4-28D96098D41D}.Debug|Any CPU.ActiveCfg = Debug|Any CPU
		{75DED995-EC65-4878-A9B4-28D96098D41D}.Debug|Any CPU.Build.0 = Debug|Any CPU
		{75DED995-EC65-4878-A9B4-28D96098D41D}.Release|Any CPU.ActiveCfg = Release|Any CPU
		{75DED995-EC65-4878-A9B4-28D96098D41D}.Release|Any CPU.Build.0 = Release|Any CPU
		{7566375D-FD45-4CA8-8B9E-39A80B7DCEF4}.Debug|Any CPU.ActiveCfg = Debug|Any CPU
		{7566375D-FD45-4CA8-8B9E-39A80B7DCEF4}.Debug|Any CPU.Build.0 = Debug|Any CPU
		{7566375D-FD45-4CA8-8B9E-39A80B7DCEF4}.Release|Any CPU.ActiveCfg = Release|Any CPU
		{7566375D-FD45-4CA8-8B9E-39A80B7DCEF4}.Release|Any CPU.Build.0 = Release|Any CPU
	EndGlobalSection
	GlobalSection(SolutionProperties) = preSolution
		HideSolutionNode = FALSE
	EndGlobalSection
	GlobalSection(ExtensibilityGlobals) = postSolution
		SolutionGuid = {BD5887CD-4F84-43DE-A716-9DB9718AEBEF}
	EndGlobalSection
EndGlobal
